
Microsoft Visual Studio Solution File, Format Version 11.00
# Visual Studio 2010
Project("{FAE04EC0-301F-11D3-BF4B-00C04F79EFBC}") = "Serilog.Sinks.Unity3D", "Serilog.Sinks.Unity3D.csproj", "{43d38941-4e52-bb8d-d3aa-2469b830c8f9}"
EndProject
Project("{FAE04EC0-301F-11D3-BF4B-00C04F79EFBC}") = "Assembly-CSharp", "Assembly-CSharp.csproj", "{b583ec13-f1c4-d350-6a44-ba0f75646a0f}"
EndProject
Project("{FAE04EC0-301F-11D3-BF4B-00C04F79EFBC}") = "Assembly-CSharp-firstpass", "Assembly-CSharp-firstpass.csproj", "{b0989a6c-b0eb-c315-c604-cb82b62b1cbc}"
EndProject
Project("{FAE04EC0-301F-11D3-BF4B-00C04F79EFBC}") = "Assembly-CSharp-Editor", "Assembly-CSharp-Editor.csproj", "{467e79fb-59cf-703d-6b0a-30b523b6c2a1}"
EndProject
Project("{FAE04EC0-301F-11D3-BF4B-00C04F79EFBC}") = "Assembly-CSharp-Editor-firstpass", "Assembly-CSharp-Editor-firstpass.csproj", "{6d2b510f-5a48-6acc-d82d-6196fe6b78fc}"
EndProject
Global
	GlobalSection(SolutionConfigurationPlatforms) = preSolution
		Debug|Any CPU = Debug|Any CPU
	EndGlobalSection
	GlobalSection(ProjectConfigurationPlatforms) = postSolution
		{43d38941-4e52-bb8d-d3aa-2469b830c8f9}.Debug|Any CPU.ActiveCfg = Debug|Any CPU
		{43d38941-4e52-bb8d-d3aa-2469b830c8f9}.Debug|Any CPU.Build.0 = Debug|Any CPU
		{b583ec13-f1c4-d350-6a44-ba0f75646a0f}.Debug|Any CPU.ActiveCfg = Debug|Any CPU
		{b583ec13-f1c4-d350-6a44-ba0f75646a0f}.Debug|Any CPU.Build.0 = Debug|Any CPU
		{b0989a6c-b0eb-c315-c604-cb82b62b1cbc}.Debug|Any CPU.ActiveCfg = Debug|Any CPU
		{b0989a6c-b0eb-c315-c604-cb82b62b1cbc}.Debug|Any CPU.Build.0 = Debug|Any CPU
		{467e79fb-59cf-703d-6b0a-30b523b6c2a1}.Debug|Any CPU.ActiveCfg = Debug|Any CPU
		{467e79fb-59cf-703d-6b0a-30b523b6c2a1}.Debug|Any CPU.Build.0 = Debug|Any CPU
		{6d2b510f-5a48-6acc-d82d-6196fe6b78fc}.Debug|Any CPU.ActiveCfg = Debug|Any CPU
		{6d2b510f-5a48-6acc-d82d-6196fe6b78fc}.Debug|Any CPU.Build.0 = Debug|Any CPU
	EndGlobalSection
	GlobalSection(SolutionProperties) = preSolution
		HideSolutionNode = FALSE
	EndGlobalSection
EndGlobal
